
Microsoft Visual Studio Solution File, Format Version 12.00
# Visual Studio Version 17
VisualStudioVersion = 17.5.33424.131
MinimumVisualStudioVersion = 10.0.40219.1
Project("{FAE04EC0-301F-11D3-BF4B-00C04F79EFBC}") = "APP Catinventary", "APP Catinventary.csproj", "{991D01BD-10C9-4B77-9919-0634D4EF59DB}"
EndProject
Global
	GlobalSection(SolutionConfigurationPlatforms) = preSolution
		Debug|Any CPU = Debug|Any CPU
		Release|Any CPU = Release|Any CPU
	EndGlobalSection
	GlobalSection(ProjectConfigurationPlatforms) = postSolution
		{991D01BD-10C9-4B77-9919-0634D4EF59DB}.Debug|Any CPU.ActiveCfg = Debug|Any CPU
		{991D01BD-10C9-4B77-9919-0634D4EF59DB}.Debug|Any CPU.Build.0 = Debug|Any CPU
		{991D01BD-10C9-4B77-9919-0634D4EF59DB}.Release|Any CPU.ActiveCfg = Release|Any CPU
		{991D01BD-10C9-4B77-9919-0634D4EF59DB}.Release|Any CPU.Build.0 = Release|Any CPU
	EndGlobalSection
	GlobalSection(SolutionProperties) = preSolution
		HideSolutionNode = FALSE
	EndGlobalSection
	GlobalSection(ExtensibilityGlobals) = postSolution
		SolutionGuid = {3EC4EE52-16E8-403D-8834-A93FE7449560}
	EndGlobalSection
EndGlobal
